
Microsoft Visual Studio Solution File, Format Version 12.00
# Visual Studio Version 16
VisualStudioVersion = 25.0.1704.0
MinimumVisualStudioVersion = 10.0.40219.1
Project("{FAE04EC0-301F-11D3-BF4B-00C04F79EFBC}") = "CalculationLibrary", "CalculationLibrary\CalculationLibrary.csproj", "{7C7F0451-38C8-4A2B-BC9F-EB2059C2B123}"
EndProject
Global
	GlobalSection(SolutionConfigurationPlatforms) = preSolution
		Debug|Any CPU = Debug|Any CPU
		Release|Any CPU = Release|Any CPU
	EndGlobalSection
	GlobalSection(ProjectConfigurationPlatforms) = postSolution
		{7C7F0451-38C8-4A2B-BC9F-EB2059C2B123}.Debug|Any CPU.ActiveCfg = Debug|Any CPU
		{7C7F0451-38C8-4A2B-BC9F-EB2059C2B123}.Debug|Any CPU.Build.0 = Debug|Any CPU
		{7C7F0451-38C8-4A2B-BC9F-EB2059C2B123}.Release|Any CPU.ActiveCfg = Release|Any CPU
		{7C7F0451-38C8-4A2B-BC9F-EB2059C2B123}.Release|Any CPU.Build.0 = Release|Any CPU
	EndGlobalSection
	GlobalSection(SolutionProperties) = preSolution
		HideSolutionNode = FALSE
	EndGlobalSection
	GlobalSection(ExtensibilityGlobals) = postSolution
		SolutionGuid = {96BABDB1-D25F-4B3F-8BB8-F63B417FE606}
	EndGlobalSection
EndGlobal
